# This file was autogenerated by Stack.
# You should not edit this file by hand.
# For more information, please see the documentation at:
#   https://docs.haskellstack.org/en/stable/topics/lock_files

packages:
- completed:
    hackage: unbound-generics-0.4.4@sha256:f7fc93641d5043db8938a5e77f463afa7c473edca3ef26097d4b6f98d45e255c,5521
    pantry-tree:
      sha256: 0f4e625ef42ebec6078ed94b7c539269bfe51ef148c91fa8803afff884ca24d7
      size: 3267
  original:
    hackage: unbound-generics-0.4.4@sha256:f7fc93641d5043db8938a5e77f463afa7c473edca3ef26097d4b6f98d45e255c,5521
- completed:
    hackage: nominal-0.2.0.0@sha256:1d6153134ecfe386c255d1da6466c5fa3e635d5db435d6c69d21643a6c65a27a,2896
    pantry-tree:
      sha256: 0dfcf035435fa1462d66594f8ed439f97bbddac450b6ed76cf657a7f5ced26a4
      size: 1114
  original:
    hackage: nominal-0.2.0.0@sha256:1d6153134ecfe386c255d1da6466c5fa3e635d5db435d6c69d21643a6c65a27a,2896
- completed:
    hackage: nom-0.1.0.2@sha256:920c20e386ef12fad6fb3ab95ac8cb140f95150b42ff61aaa57fa07b3fb84e69,4620
    pantry-tree:
      sha256: 680edffe0b5ef9c4f8b6fc966483e6d0acae5881d577ea1edce56fc2a85d21f4
      size: 3767
  original:
    hackage: nom-0.1.0.2@sha256:920c20e386ef12fad6fb3ab95ac8cb140f95150b42ff61aaa57fa07b3fb84e69,4620
- completed:
    hackage: Unique-0.4.7.8@sha256:9661f45aa31dde119a2114566166ea38b011a45653337045ee4ced75636533c0,2067
    pantry-tree:
      sha256: ad77421b187b6b70b073603dca9e63869893d5e6376714f448e56b7326235f40
      size: 1366
  original:
    hackage: Unique-0.4.7.8@sha256:9661f45aa31dde119a2114566166ea38b011a45653337045ee4ced75636533c0,2067
- completed:
    hackage: algebra-4.3.1@sha256:323cf20c508e0b71422b767ff3a89e4188f68aa59b2df9d0fe6e9f9bae7938fb,4129
    pantry-tree:
      sha256: 2dea7d23304c09c902fb1f90f45b1b22df6ded47fb717742cca119f9f3667b21
      size: 5556
  original:
    hackage: algebra-4.3.1@sha256:323cf20c508e0b71422b767ff3a89e4188f68aa59b2df9d0fe6e9f9bae7938fb,4129
- completed:
    hackage: free-foil-0.2.0@sha256:7f99c518a63ff314c7c8ca9776625e22ef56c5170593b52c82fea6f461ac753b,3300
    pantry-tree:
      sha256: f7e45cc53601ff9f70113d0b156465f062b423ed74816159c73210a584cd9126
      size: 1853
  original:
    hackage: free-foil-0.2.0@sha256:7f99c518a63ff314c7c8ca9776625e22ef56c5170593b52c82fea6f461ac753b,3300
snapshots:
- completed:
    sha256: 9ad888fcc2b00bb40ca52e955bee17a1de17a34c426fbc15675ab96631e84c18
    size: 677332
    url: https://raw.githubusercontent.com/commercialhaskell/stackage-snapshots/master/nightly/2025/4/10.yaml
  original: nightly-2025-04-10
